// !$*UTF8*$!
{
	archiveVersion = 1;
	classes = {
	};
	objectVersion = 56;
	objects = {

/* Begin PBXBuildFile section */
		DFD24BC9297407CF00D11626 /* TwitterCloneApp.swift in Sources */ = {isa = PBXBuildFile; fileRef = DFD24BC8297407CF00D11626 /* TwitterCloneApp.swift */; };
		DFD24BCB297407CF00D11626 /* ContentView.swift in Sources */ = {isa = PBXBuildFile; fileRef = DFD24BCA297407CF00D11626 /* ContentView.swift */; };
		DFD24BCD297407D000D11626 /* Assets.xcassets in Resources */ = {isa = PBXBuildFile; fileRef = DFD24BCC297407D000D11626 /* Assets.xcassets */; };
		DFD24BD0297407D000D11626 /* Preview Assets.xcassets in Resources */ = {isa = PBXBuildFile; fileRef = DFD24BCF297407D000D11626 /* Preview Assets.xcassets */; };
		DFD24BE22974087800D11626 /* FeedView.swift in Sources */ = {isa = PBXBuildFile; fileRef = DFD24BE12974087800D11626 /* FeedView.swift */; };
		DFD24BE52974091500D11626 /* TweetRowView.swift in Sources */ = {isa = PBXBuildFile; fileRef = DFD24BE42974091500D11626 /* TweetRowView.swift */; };
		DFD24BE829740DA200D11626 /* MainTabView.swift in Sources */ = {isa = PBXBuildFile; fileRef = DFD24BE729740DA200D11626 /* MainTabView.swift */; };
		DFD24BEE29740FB400D11626 /* ExploreView.swift in Sources */ = {isa = PBXBuildFile; fileRef = DFD24BED29740FB400D11626 /* ExploreView.swift */; };
		DFD24BF029740FCB00D11626 /* NotificationsView.swift in Sources */ = {isa = PBXBuildFile; fileRef = DFD24BEF29740FCB00D11626 /* NotificationsView.swift */; };
		DFD24BF229740FD900D11626 /* MessagesView.swift in Sources */ = {isa = PBXBuildFile; fileRef = DFD24BF129740FD900D11626 /* MessagesView.swift */; };
/* End PBXBuildFile section */

/* Begin PBXFileReference section */
		DFD24BC5297407CF00D11626 /* TwitterClone.app */ = {isa = PBXFileReference; explicitFileType = wrapper.application; includeInIndex = 0; path = TwitterClone.app; sourceTree = BUILT_PRODUCTS_DIR; };
		DFD24BC8297407CF00D11626 /* TwitterCloneApp.swift */ = {isa = PBXFileReference; lastKnownFileType = sourcecode.swift; path = TwitterCloneApp.swift; sourceTree = "<group>"; };
		DFD24BCA297407CF00D11626 /* ContentView.swift */ = {isa = PBXFileReference; lastKnownFileType = sourcecode.swift; path = ContentView.swift; sourceTree = "<group>"; };
		DFD24BCC297407D000D11626 /* Assets.xcassets */ = {isa = PBXFileReference; lastKnownFileType = folder.assetcatalog; path = Assets.xcassets; sourceTree = "<group>"; };
		DFD24BCF297407D000D11626 /* Preview Assets.xcassets */ = {isa = PBXFileReference; lastKnownFileType = folder.assetcatalog; path = "Preview Assets.xcassets"; sourceTree = "<group>"; };
		DFD24BE12974087800D11626 /* FeedView.swift */ = {isa = PBXFileReference; lastKnownFileType = sourcecode.swift; path = FeedView.swift; sourceTree = "<group>"; };
		DFD24BE42974091500D11626 /* TweetRowView.swift */ = {isa = PBXFileReference; lastKnownFileType = sourcecode.swift; path = TweetRowView.swift; sourceTree = "<group>"; };
		DFD24BE729740DA200D11626 /* MainTabView.swift */ = {isa = PBXFileReference; lastKnownFileType = sourcecode.swift; path = MainTabView.swift; sourceTree = "<group>"; };
		DFD24BED29740FB400D11626 /* ExploreView.swift */ = {isa = PBXFileReference; lastKnownFileType = sourcecode.swift; path = ExploreView.swift; sourceTree = "<group>"; };
		DFD24BEF29740FCB00D11626 /* NotificationsView.swift */ = {isa = PBXFileReference; lastKnownFileType = sourcecode.swift; path = NotificationsView.swift; sourceTree = "<group>"; };
		DFD24BF129740FD900D11626 /* MessagesView.swift */ = {isa = PBXFileReference; lastKnownFileType = sourcecode.swift; path = MessagesView.swift; sourceTree = "<group>"; };
/* End PBXFileReference section */

/* Begin PBXFrameworksBuildPhase section */
		DFD24BC2297407CF00D11626 /* Frameworks */ = {
			isa = PBXFrameworksBuildPhase;
			buildActionMask = 2147483647;
			files = (
			);
			runOnlyForDeploymentPostprocessing = 0;
		};
/* End PBXFrameworksBuildPhase section */

/* Begin PBXGroup section */
		DFD24BBC297407CF00D11626 = {
			isa = PBXGroup;
			children = (
				DFD24BC7297407CF00D11626 /* TwitterClone */,
				DFD24BC6297407CF00D11626 /* Products */,
			);
			sourceTree = "<group>";
		};
		DFD24BC6297407CF00D11626 /* Products */ = {
			isa = PBXGroup;
			children = (
				DFD24BC5297407CF00D11626 /* TwitterClone.app */,
			);
			name = Products;
			sourceTree = "<group>";
		};
		DFD24BC7297407CF00D11626 /* TwitterClone */ = {
			isa = PBXGroup;
			children = (
				DFD24BD8297407EC00D11626 /* Extensions */,
				DFD24BDA2974080200D11626 /* Model */,
				DFD24BDC2974081600D11626 /* Service */,
				DFD24BD9297407FC00D11626 /* Core */,
				DFD24BC8297407CF00D11626 /* TwitterCloneApp.swift */,
				DFD24BCA297407CF00D11626 /* ContentView.swift */,
				DFD24BCC297407D000D11626 /* Assets.xcassets */,
				DFD24BCE297407D000D11626 /* Preview Content */,
			);
			path = TwitterClone;
			sourceTree = "<group>";
		};
		DFD24BCE297407D000D11626 /* Preview Content */ = {
			isa = PBXGroup;
			children = (
				DFD24BCF297407D000D11626 /* Preview Assets.xcassets */,
			);
			path = "Preview Content";
			sourceTree = "<group>";
		};
		DFD24BD8297407EC00D11626 /* Extensions */ = {
			isa = PBXGroup;
			children = (
			);
			path = Extensions;
			sourceTree = "<group>";
		};
		DFD24BD9297407FC00D11626 /* Core */ = {
			isa = PBXGroup;
			children = (
				DFD24BDD2974081D00D11626 /* Components */,
				DFD24BEC29740F3C00D11626 /* Profile */,
				DFD24BE929740F0600D11626 /* Explore */,
				DFD24BEA29740F1D00D11626 /* Notifications */,
				DFD24BEB29740F2B00D11626 /* Messages */,
				DFD24BE629740D4200D11626 /* MainTab */,
				DFD24BDE2974082500D11626 /* Feed */,
			);
			path = Core;
			sourceTree = "<group>";
		};
		DFD24BDA2974080200D11626 /* Model */ = {
			isa = PBXGroup;
			children = (
			);
			path = Model;
			sourceTree = "<group>";
		};
		DFD24BDC2974081600D11626 /* Service */ = {
			isa = PBXGroup;
			children = (
			);
			path = Service;
			sourceTree = "<group>";
		};
		DFD24BDD2974081D00D11626 /* Components */ = {
			isa = PBXGroup;
			children = (
				DFD24BE3297408EE00D11626 /* Tweets */,
			);
			path = Components;
			sourceTree = "<group>";
		};
		DFD24BDE2974082500D11626 /* Feed */ = {
			isa = PBXGroup;
			children = (
				DFD24BE02974086400D11626 /* View */,
				DFD24BDF2974085E00D11626 /* ViewModels */,
			);
			path = Feed;
			sourceTree = "<group>";
		};
		DFD24BDF2974085E00D11626 /* ViewModels */ = {
			isa = PBXGroup;
			children = (
			);
			path = ViewModels;
			sourceTree = "<group>";
		};
		DFD24BE02974086400D11626 /* View */ = {
			isa = PBXGroup;
			children = (
				DFD24BE12974087800D11626 /* FeedView.swift */,
			);
			path = View;
			sourceTree = "<group>";
		};
		DFD24BE3297408EE00D11626 /* Tweets */ = {
			isa = PBXGroup;
			children = (
				DFD24BE42974091500D11626 /* TweetRowView.swift */,
			);
			path = Tweets;
			sourceTree = "<group>";
		};
		DFD24BE629740D4200D11626 /* MainTab */ = {
			isa = PBXGroup;
			children = (
				DFD24BE729740DA200D11626 /* MainTabView.swift */,
			);
			path = MainTab;
			sourceTree = "<group>";
		};
		DFD24BE929740F0600D11626 /* Explore */ = {
			isa = PBXGroup;
			children = (
				DFD24BED29740FB400D11626 /* ExploreView.swift */,
			);
			path = Explore;
			sourceTree = "<group>";
		};
		DFD24BEA29740F1D00D11626 /* Notifications */ = {
			isa = PBXGroup;
			children = (
				DFD24BEF29740FCB00D11626 /* NotificationsView.swift */,
			);
			path = Notifications;
			sourceTree = "<group>";
		};
		DFD24BEB29740F2B00D11626 /* Messages */ = {
			isa = PBXGroup;
			children = (
				DFD24BF129740FD900D11626 /* MessagesView.swift */,
			);
			path = Messages;
			sourceTree = "<group>";
		};
		DFD24BEC29740F3C00D11626 /* Profile */ = {
			isa = PBXGroup;
			children = (
			);
			path = Profile;
			sourceTree = "<group>";
		};
/* End PBXGroup section */

/* Begin PBXNativeTarget section */
		DFD24BC4297407CF00D11626 /* TwitterClone */ = {
			isa = PBXNativeTarget;
			buildConfigurationList = DFD24BD3297407D000D11626 /* Build configuration list for PBXNativeTarget "TwitterClone" */;
			buildPhases = (
				DFD24BC1297407CF00D11626 /* Sources */,
				DFD24BC2297407CF00D11626 /* Frameworks */,
				DFD24BC3297407CF00D11626 /* Resources */,
			);
			buildRules = (
			);
			dependencies = (
			);
			name = TwitterClone;
			productName = TwitterClone;
			productReference = DFD24BC5297407CF00D11626 /* TwitterClone.app */;
			productType = "com.apple.product-type.application";
		};
/* End PBXNativeTarget section */

/* Begin PBXProject section */
		DFD24BBD297407CF00D11626 /* Project object */ = {
			isa = PBXProject;
			attributes = {
				BuildIndependentTargetsInParallel = 1;
				LastSwiftUpdateCheck = 1420;
				LastUpgradeCheck = 1420;
				TargetAttributes = {
					DFD24BC4297407CF00D11626 = {
						CreatedOnToolsVersion = 14.2;
					};
				};
			};
			buildConfigurationList = DFD24BC0297407CF00D11626 /* Build configuration list for PBXProject "TwitterClone" */;
			compatibilityVersion = "Xcode 14.0";
			developmentRegion = en;
			hasScannedForEncodings = 0;
			knownRegions = (
				en,
				Base,
			);
			mainGroup = DFD24BBC297407CF00D11626;
			productRefGroup = DFD24BC6297407CF00D11626 /* Products */;
			projectDirPath = "";
			projectRoot = "";
			targets = (
				DFD24BC4297407CF00D11626 /* TwitterClone */,
			);
		};
/* End PBXProject section */

/* Begin PBXResourcesBuildPhase section */
		DFD24BC3297407CF00D11626 /* Resources */ = {
			isa = PBXResourcesBuildPhase;
			buildActionMask = 2147483647;
			files = (
				DFD24BD0297407D000D11626 /* Preview Assets.xcassets in Resources */,
				DFD24BCD297407D000D11626 /* Assets.xcassets in Resources */,
			);
			runOnlyForDeploymentPostprocessing = 0;
		};
/* End PBXResourcesBuildPhase section */

/* Begin PBXSourcesBuildPhase section */
		DFD24BC1297407CF00D11626 /* Sources */ = {
			isa = PBXSourcesBuildPhase;
			buildActionMask = 2147483647;
			files = (
				DFD24BF229740FD900D11626 /* MessagesView.swift in Sources */,
				DFD24BCB297407CF00D11626 /* ContentView.swift in Sources */,
				DFD24BE52974091500D11626 /* TweetRowView.swift in Sources */,
				DFD24BE22974087800D11626 /* FeedView.swift in Sources */,
				DFD24BC9297407CF00D11626 /* TwitterCloneApp.swift in Sources */,
				DFD24BEE29740FB400D11626 /* ExploreView.swift in Sources */,
				DFD24BE829740DA200D11626 /* MainTabView.swift in Sources */,
				DFD24BF029740FCB00D11626 /* NotificationsView.swift in Sources */,
			);
			runOnlyForDeploymentPostprocessing = 0;
		};
/* End PBXSourcesBuildPhase section */

/* Begin XCBuildConfiguration section */
		DFD24BD1297407D000D11626 /* Debug */ = {
			isa = XCBuildConfiguration;
			buildSettings = {
				ALWAYS_SEARCH_USER_PATHS = NO;
				CLANG_ANALYZER_NONNULL = YES;
				CLANG_ANALYZER_NUMBER_OBJECT_CONVERSION = YES_AGGRESSIVE;
				CLANG_CXX_LANGUAGE_STANDARD = "gnu++20";
				CLANG_ENABLE_MODULES = YES;
				CLANG_ENABLE_OBJC_ARC = YES;
				CLANG_ENABLE_OBJC_WEAK = YES;
				CLANG_WARN_BLOCK_CAPTURE_AUTORELEASING = YES;
				CLANG_WARN_BOOL_CONVERSION = YES;
				CLANG_WARN_COMMA = YES;
				CLANG_WARN_CONSTANT_CONVERSION = YES;
				CLANG_WARN_DEPRECATED_OBJC_IMPLEMENTATIONS = YES;
				CLANG_WARN_DIRECT_OBJC_ISA_USAGE = YES_ERROR;
				CLANG_WARN_DOCUMENTATION_COMMENTS = YES;
				CLANG_WARN_EMPTY_BODY = YES;
				CLANG_WARN_ENUM_CONVERSION = YES;
				CLANG_WARN_INFINITE_RECURSION = YES;
				CLANG_WARN_INT_CONVERSION = YES;
				CLANG_WARN_NON_LITERAL_NULL_CONVERSION = YES;
				CLANG_WARN_OBJC_IMPLICIT_RETAIN_SELF = YES;
				CLANG_WARN_OBJC_LITERAL_CONVERSION = YES;
				CLANG_WARN_OBJC_ROOT_CLASS = YES_ERROR;
				CLANG_WARN_QUOTED_INCLUDE_IN_FRAMEWORK_HEADER = YES;
				CLANG_WARN_RANGE_LOOP_ANALYSIS = YES;
				CLANG_WARN_STRICT_PROTOTYPES = YES;
				CLANG_WARN_SUSPICIOUS_MOVE = YES;
				CLANG_WARN_UNGUARDED_AVAILABILITY = YES_AGGRESSIVE;
				CLANG_WARN_UNREACHABLE_CODE = YES;
				CLANG_WARN__DUPLICATE_METHOD_MATCH = YES;
				COPY_PHASE_STRIP = NO;
				DEBUG_INFORMATION_FORMAT = dwarf;
				ENABLE_STRICT_OBJC_MSGSEND = YES;
				ENABLE_TESTABILITY = YES;
				GCC_C_LANGUAGE_STANDARD = gnu11;
				GCC_DYNAMIC_NO_PIC = NO;
				GCC_NO_COMMON_BLOCKS = YES;
				GCC_OPTIMIZATION_LEVEL = 0;
				GCC_PREPROCESSOR_DEFINITIONS = (
					"DEBUG=1",
					"$(inherited)",
				);
				GCC_WARN_64_TO_32_BIT_CONVERSION = YES;
				GCC_WARN_ABOUT_RETURN_TYPE = YES_ERROR;
				GCC_WARN_UNDECLARED_SELECTOR = YES;
				GCC_WARN_UNINITIALIZED_AUTOS = YES_AGGRESSIVE;
				GCC_WARN_UNUSED_FUNCTION = YES;
				GCC_WARN_UNUSED_VARIABLE = YES;
				IPHONEOS_DEPLOYMENT_TARGET = 16.2;
				MTL_ENABLE_DEBUG_INFO = INCLUDE_SOURCE;
				MTL_FAST_MATH = YES;
				ONLY_ACTIVE_ARCH = YES;
				SDKROOT = iphoneos;
				SWIFT_ACTIVE_COMPILATION_CONDITIONS = DEBUG;
				SWIFT_OPTIMIZATION_LEVEL = "-Onone";
			};
			name = Debug;
		};
		DFD24BD2297407D000D11626 /* Release */ = {
			isa = XCBuildConfiguration;
			buildSettings = {
				ALWAYS_SEARCH_USER_PATHS = NO;
				CLANG_ANALYZER_NONNULL = YES;
				CLANG_ANALYZER_NUMBER_OBJECT_CONVERSION = YES_AGGRESSIVE;
				CLANG_CXX_LANGUAGE_STANDARD = "gnu++20";
				CLANG_ENABLE_MODULES = YES;
				CLANG_ENABLE_OBJC_ARC = YES;
				CLANG_ENABLE_OBJC_WEAK = YES;
				CLANG_WARN_BLOCK_CAPTURE_AUTORELEASING = YES;
				CLANG_WARN_BOOL_CONVERSION = YES;
				CLANG_WARN_COMMA = YES;
				CLANG_WARN_CONSTANT_CONVERSION = YES;
				CLANG_WARN_DEPRECATED_OBJC_IMPLEMENTATIONS = YES;
				CLANG_WARN_DIRECT_OBJC_ISA_USAGE = YES_ERROR;
				CLANG_WARN_DOCUMENTATION_COMMENTS = YES;
				CLANG_WARN_EMPTY_BODY = YES;
				CLANG_WARN_ENUM_CONVERSION = YES;
				CLANG_WARN_INFINITE_RECURSION = YES;
				CLANG_WARN_INT_CONVERSION = YES;
				CLANG_WARN_NON_LITERAL_NULL_CONVERSION = YES;
				CLANG_WARN_OBJC_IMPLICIT_RETAIN_SELF = YES;
				CLANG_WARN_OBJC_LITERAL_CONVERSION = YES;
				CLANG_WARN_OBJC_ROOT_CLASS = YES_ERROR;
				CLANG_WARN_QUOTED_INCLUDE_IN_FRAMEWORK_HEADER = YES;
				CLANG_WARN_RANGE_LOOP_ANALYSIS = YES;
				CLANG_WARN_STRICT_PROTOTYPES = YES;
				CLANG_WARN_SUSPICIOUS_MOVE = YES;
				CLANG_WARN_UNGUARDED_AVAILABILITY = YES_AGGRESSIVE;
				CLANG_WARN_UNREACHABLE_CODE = YES;
				CLANG_WARN__DUPLICATE_METHOD_MATCH = YES;
				COPY_PHASE_STRIP = NO;
				DEBUG_INFORMATION_FORMAT = "dwarf-with-dsym";
				ENABLE_NS_ASSERTIONS = NO;
				ENABLE_STRICT_OBJC_MSGSEND = YES;
				GCC_C_LANGUAGE_STANDARD = gnu11;
				GCC_NO_COMMON_BLOCKS = YES;
				GCC_WARN_64_TO_32_BIT_CONVERSION = YES;
				GCC_WARN_ABOUT_RETURN_TYPE = YES_ERROR;
				GCC_WARN_UNDECLARED_SELECTOR = YES;
				GCC_WARN_UNINITIALIZED_AUTOS = YES_AGGRESSIVE;
				GCC_WARN_UNUSED_FUNCTION = YES;
				GCC_WARN_UNUSED_VARIABLE = YES;
				IPHONEOS_DEPLOYMENT_TARGET = 16.2;
				MTL_ENABLE_DEBUG_INFO = NO;
				MTL_FAST_MATH = YES;
				SDKROOT = iphoneos;
				SWIFT_COMPILATION_MODE = wholemodule;
				SWIFT_OPTIMIZATION_LEVEL = "-O";
				VALIDATE_PRODUCT = YES;
			};
			name = Release;
		};
		DFD24BD4297407D000D11626 /* Debug */ = {
			isa = XCBuildConfiguration;
			buildSettings = {
				ASSETCATALOG_COMPILER_APPICON_NAME = AppIcon;
				ASSETCATALOG_COMPILER_GLOBAL_ACCENT_COLOR_NAME = AccentColor;
				CODE_SIGN_STYLE = Automatic;
				CURRENT_PROJECT_VERSION = 1;
				DEVELOPMENT_ASSET_PATHS = "\"TwitterClone/Preview Content\"";
				DEVELOPMENT_TEAM = NGFB8YZQW3;
				ENABLE_PREVIEWS = YES;
				GENERATE_INFOPLIST_FILE = YES;
				INFOPLIST_KEY_UIApplicationSceneManifest_Generation = YES;
				INFOPLIST_KEY_UIApplicationSupportsIndirectInputEvents = YES;
				INFOPLIST_KEY_UILaunchScreen_Generation = YES;
				INFOPLIST_KEY_UISupportedInterfaceOrientations_iPad = "UIInterfaceOrientationPortrait UIInterfaceOrientationPortraitUpsideDown UIInterfaceOrientationLandscapeLeft UIInterfaceOrientationLandscapeRight";
				INFOPLIST_KEY_UISupportedInterfaceOrientations_iPhone = "UIInterfaceOrientationPortrait UIInterfaceOrientationLandscapeLeft UIInterfaceOrientationLandscapeRight";
				LD_RUNPATH_SEARCH_PATHS = (
					"$(inherited)",
					"@executable_path/Frameworks",
				);
				MARKETING_VERSION = 1.0;
				PRODUCT_BUNDLE_IDENTIFIER = ro.KeyCity.TwitterClone;
				PRODUCT_NAME = "$(TARGET_NAME)";
				SWIFT_EMIT_LOC_STRINGS = YES;
				SWIFT_VERSION = 5.0;
				TARGETED_DEVICE_FAMILY = "1,2";
			};
			name = Debug;
		};
		DFD24BD5297407D000D11626 /* Release */ = {
			isa = XCBuildConfiguration;
			buildSettings = {
				ASSETCATALOG_COMPILER_APPICON_NAME = AppIcon;
				ASSETCATALOG_COMPILER_GLOBAL_ACCENT_COLOR_NAME = AccentColor;
				CODE_SIGN_STYLE = Automatic;
				CURRENT_PROJECT_VERSION = 1;
				DEVELOPMENT_ASSET_PATHS = "\"TwitterClone/Preview Content\"";
				DEVELOPMENT_TEAM = NGFB8YZQW3;
				ENABLE_PREVIEWS = YES;
				GENERATE_INFOPLIST_FILE = YES;
				INFOPLIST_KEY_UIApplicationSceneManifest_Generation = YES;
				INFOPLIST_KEY_UIApplicationSupportsIndirectInputEvents = YES;
				INFOPLIST_KEY_UILaunchScreen_Generation = YES;
				INFOPLIST_KEY_UISupportedInterfaceOrientations_iPad = "UIInterfaceOrientationPortrait UIInterfaceOrientationPortraitUpsideDown UIInterfaceOrientationLandscapeLeft UIInterfaceOrientationLandscapeRight";
				INFOPLIST_KEY_UISupportedInterfaceOrientations_iPhone = "UIInterfaceOrientationPortrait UIInterfaceOrientationLandscapeLeft UIInterfaceOrientationLandscapeRight";
				LD_RUNPATH_SEARCH_PATHS = (
					"$(inherited)",
					"@executable_path/Frameworks",
				);
				MARKETING_VERSION = 1.0;
				PRODUCT_BUNDLE_IDENTIFIER = ro.KeyCity.TwitterClone;
				PRODUCT_NAME = "$(TARGET_NAME)";
				SWIFT_EMIT_LOC_STRINGS = YES;
				SWIFT_VERSION = 5.0;
				TARGETED_DEVICE_FAMILY = "1,2";
			};
			name = Release;
		};
/* End XCBuildConfiguration section */

/* Begin XCConfigurationList section */
		DFD24BC0297407CF00D11626 /* Build configuration list for PBXProject "TwitterClone" */ = {
			isa = XCConfigurationList;
			buildConfigurations = (
				DFD24BD1297407D000D11626 /* Debug */,
				DFD24BD2297407D000D11626 /* Release */,
			);
			defaultConfigurationIsVisible = 0;
			defaultConfigurationName = Release;
		};
		DFD24BD3297407D000D11626 /* Build configuration list for PBXNativeTarget "TwitterClone" */ = {
			isa = XCConfigurationList;
			buildConfigurations = (
				DFD24BD4297407D000D11626 /* Debug */,
				DFD24BD5297407D000D11626 /* Release */,
			);
			defaultConfigurationIsVisible = 0;
			defaultConfigurationName = Release;
		};
/* End XCConfigurationList section */
	};
	rootObject = DFD24BBD297407CF00D11626 /* Project object */;
}
